
Microsoft Visual Studio Solution File, Format Version 12.00
# Visual Studio Version 17
VisualStudioVersion = 17.8.34322.80
MinimumVisualStudioVersion = 10.0.40219.1
Project("{FAE04EC0-301F-11D3-BF4B-00C04F79EFBC}") = "ReceiptStatsConsole.DataAccess", "ReceiptStatsConsole.DataAccess.csproj", "{4258DEB1-C031-4CD6-9D21-480F556E5BD8}"
EndProject
Project("{FAE04EC0-301F-11D3-BF4B-00C04F79EFBC}") = "ReceiptStatsConsole.App", "..\ReceiptStatsConsole.App\ReceiptStatsConsole.App.csproj", "{FFC61D9C-B31F-4282-BDAC-EDB381ED3458}"
EndProject
Project("{FAE04EC0-301F-11D3-BF4B-00C04F79EFBC}") = "ReceiptStatsConsole.Services", "..\ReceiptStatsConsole.Services\ReceiptStatsConsole.Services.csproj", "{7B315BFD-F5DE-4DC0-84AB-A680D4C760F6}"
EndProject
Global
	GlobalSection(SolutionConfigurationPlatforms) = preSolution
		Debug|Any CPU = Debug|Any CPU
		Release|Any CPU = Release|Any CPU
	EndGlobalSection
	GlobalSection(ProjectConfigurationPlatforms) = postSolution
		{4258DEB1-C031-4CD6-9D21-480F556E5BD8}.Debug|Any CPU.ActiveCfg = Debug|Any CPU
		{4258DEB1-C031-4CD6-9D21-480F556E5BD8}.Debug|Any CPU.Build.0 = Debug|Any CPU
		{4258DEB1-C031-4CD6-9D21-480F556E5BD8}.Release|Any CPU.ActiveCfg = Release|Any CPU
		{4258DEB1-C031-4CD6-9D21-480F556E5BD8}.Release|Any CPU.Build.0 = Release|Any CPU
		{FFC61D9C-B31F-4282-BDAC-EDB381ED3458}.Debug|Any CPU.ActiveCfg = Debug|Any CPU
		{FFC61D9C-B31F-4282-BDAC-EDB381ED3458}.Debug|Any CPU.Build.0 = Debug|Any CPU
		{FFC61D9C-B31F-4282-BDAC-EDB381ED3458}.Release|Any CPU.ActiveCfg = Release|Any CPU
		{FFC61D9C-B31F-4282-BDAC-EDB381ED3458}.Release|Any CPU.Build.0 = Release|Any CPU
		{7B315BFD-F5DE-4DC0-84AB-A680D4C760F6}.Debug|Any CPU.ActiveCfg = Debug|Any CPU
		{7B315BFD-F5DE-4DC0-84AB-A680D4C760F6}.Debug|Any CPU.Build.0 = Debug|Any CPU
		{7B315BFD-F5DE-4DC0-84AB-A680D4C760F6}.Release|Any CPU.ActiveCfg = Release|Any CPU
		{7B315BFD-F5DE-4DC0-84AB-A680D4C760F6}.Release|Any CPU.Build.0 = Release|Any CPU
	EndGlobalSection
	GlobalSection(SolutionProperties) = preSolution
		HideSolutionNode = FALSE
	EndGlobalSection
	GlobalSection(ExtensibilityGlobals) = postSolution
		SolutionGuid = {236569EA-AA09-4BCD-968E-30BC7ACBAD08}
	EndGlobalSection
EndGlobal
